// !$*UTF8*$!
{
	archiveVersion = 1;
	classes = {
	};
	objectVersion = 77;
	objects = {

/* Begin PBXBuildFile section */
		1A493D052E73D9CF00187B3E /* Domain.framework in Frameworks */ = {isa = PBXBuildFile; fileRef = 1A493CFC2E73D9CF00187B3E /* Domain.framework */; };
		1A493DED2E73D9F100187B3E /* Service.framework in Frameworks */ = {isa = PBXBuildFile; fileRef = 1A493DE42E73D9F000187B3E /* Service.framework */; };
		1A4941722E73DC5600187B3E /* Domain.framework in Frameworks */ = {isa = PBXBuildFile; fileRef = 1A493CFC2E73D9CF00187B3E /* Domain.framework */; };
		1A4941732E73DC5600187B3E /* Domain.framework in Embed Frameworks */ = {isa = PBXBuildFile; fileRef = 1A493CFC2E73D9CF00187B3E /* Domain.framework */; settings = {ATTRIBUTES = (CodeSignOnCopy, RemoveHeadersOnCopy, ); }; };
		1A49417A2E73DC6500187B3E /* Service.framework in Frameworks */ = {isa = PBXBuildFile; fileRef = 1A493DE42E73D9F000187B3E /* Service.framework */; };
		1A49417B2E73DC6500187B3E /* Service.framework in Embed Frameworks */ = {isa = PBXBuildFile; fileRef = 1A493DE42E73D9F000187B3E /* Service.framework */; settings = {ATTRIBUTES = (CodeSignOnCopy, RemoveHeadersOnCopy, ); }; };
		1A4941802E73DC7000187B3E /* Domain.framework in Frameworks */ = {isa = PBXBuildFile; fileRef = 1A493CFC2E73D9CF00187B3E /* Domain.framework */; };
		1A4941812E73DC7000187B3E /* Domain.framework in Embed Frameworks */ = {isa = PBXBuildFile; fileRef = 1A493CFC2E73D9CF00187B3E /* Domain.framework */; settings = {ATTRIBUTES = (CodeSignOnCopy, RemoveHeadersOnCopy, ); }; };
		1A4941842E73DC7500187B3E /* AppIntents.framework in Frameworks */ = {isa = PBXBuildFile; fileRef = 1A494BD22E73E4DB00187B3E /* AppIntents.framework */; };
		1A494BD32E73E4DB00187B3E /* AppIntents.framework in Frameworks */ = {isa = PBXBuildFile; fileRef = 1A494BD22E73E4DB00187B3E /* AppIntents.framework */; };
		1A494BD52E73E4F200187B3E /* AppIntents.framework in Frameworks */ = {isa = PBXBuildFile; fileRef = 1A494BD22E73E4DB00187B3E /* AppIntents.framework */; };
		1A494BD92E73E5B700187B3E /* AppIntents.framework in Frameworks */ = {isa = PBXBuildFile; fileRef = 1A494BD22E73E4DB00187B3E /* AppIntents.framework */; };
		1A494BDB2E73E5BD00187B3E /* AppIntents.framework in Frameworks */ = {isa = PBXBuildFile; fileRef = 1A494BD22E73E4DB00187B3E /* AppIntents.framework */; };
		1A494BDD2E73E5C200187B3E /* AppIntents.framework in Frameworks */ = {isa = PBXBuildFile; fileRef = 1A494BD22E73E4DB00187B3E /* AppIntents.framework */; };
		1A494BDF2E73E5C800187B3E /* AppIntents.framework in Frameworks */ = {isa = PBXBuildFile; fileRef = 1A494BD22E73E4DB00187B3E /* AppIntents.framework */; };
		1AAFCE8B2E7404D6001948FD /* TOMLKit in Frameworks */ = {isa = PBXBuildFile; productRef = 1AAFCE8A2E7404D6001948FD /* TOMLKit */; };
/* End PBXBuildFile section */

/* Begin PBXContainerItemProxy section */
		1A493D062E73D9CF00187B3E /* PBXContainerItemProxy */ = {
			isa = PBXContainerItemProxy;
			containerPortal = C10E2F822D41235900AC957C /* Project object */;
			proxyType = 1;
			remoteGlobalIDString = 1A493CFB2E73D9CF00187B3E;
			remoteInfo = Domain;
		};
		1A493DEE2E73D9F100187B3E /* PBXContainerItemProxy */ = {
			isa = PBXContainerItemProxy;
			containerPortal = C10E2F822D41235900AC957C /* Project object */;
			proxyType = 1;
			remoteGlobalIDString = 1A493DE32E73D9F000187B3E;
			remoteInfo = Service;
		};
		1A4941742E73DC5600187B3E /* PBXContainerItemProxy */ = {
			isa = PBXContainerItemProxy;
			containerPortal = C10E2F822D41235900AC957C /* Project object */;
			proxyType = 1;
			remoteGlobalIDString = 1A493CFB2E73D9CF00187B3E;
			remoteInfo = Domain;
		};
		1A49417C2E73DC6500187B3E /* PBXContainerItemProxy */ = {
			isa = PBXContainerItemProxy;
			containerPortal = C10E2F822D41235900AC957C /* Project object */;
			proxyType = 1;
			remoteGlobalIDString = 1A493DE32E73D9F000187B3E;
			remoteInfo = Service;
		};
		1A4941822E73DC7000187B3E /* PBXContainerItemProxy */ = {
			isa = PBXContainerItemProxy;
			containerPortal = C10E2F822D41235900AC957C /* Project object */;
			proxyType = 1;
			remoteGlobalIDString = 1A493CFB2E73D9CF00187B3E;
			remoteInfo = Domain;
		};
		1AFC28802E609B9E00258BEE /* PBXContainerItemProxy */ = {
			isa = PBXContainerItemProxy;
			containerPortal = C10E2F822D41235900AC957C /* Project object */;
			proxyType = 1;
			remoteGlobalIDString = C10E2F892D41235900AC957C;
			remoteInfo = AeroSpaceBar;
		};
		1AFC288D2E609BDA00258BEE /* PBXContainerItemProxy */ = {
			isa = PBXContainerItemProxy;
			containerPortal = C10E2F822D41235900AC957C /* Project object */;
			proxyType = 1;
			remoteGlobalIDString = C10E2F892D41235900AC957C;
			remoteInfo = AeroSpaceBar;
		};
/* End PBXContainerItemProxy section */

/* Begin PBXCopyFilesBuildPhase section */
		1A4941762E73DC5600187B3E /* Embed Frameworks */ = {
			isa = PBXCopyFilesBuildPhase;
			buildActionMask = 2147483647;
			dstPath = "";
			dstSubfolderSpec = 10;
			files = (
				1A4941732E73DC5600187B3E /* Domain.framework in Embed Frameworks */,
			);
			name = "Embed Frameworks";
			runOnlyForDeploymentPostprocessing = 0;
		};
		1A49417E2E73DC6500187B3E /* Embed Frameworks */ = {
			isa = PBXCopyFilesBuildPhase;
			buildActionMask = 2147483647;
			dstPath = "";
			dstSubfolderSpec = 10;
			files = (
				1A49417B2E73DC6500187B3E /* Service.framework in Embed Frameworks */,
				1A4941812E73DC7000187B3E /* Domain.framework in Embed Frameworks */,
			);
			name = "Embed Frameworks";
			runOnlyForDeploymentPostprocessing = 0;
		};
/* End PBXCopyFilesBuildPhase section */

/* Begin PBXFileReference section */
		1A493CFC2E73D9CF00187B3E /* Domain.framework */ = {isa = PBXFileReference; explicitFileType = wrapper.framework; includeInIndex = 0; path = Domain.framework; sourceTree = BUILT_PRODUCTS_DIR; };
		1A493D042E73D9CF00187B3E /* DomainTests.xctest */ = {isa = PBXFileReference; explicitFileType = wrapper.cfbundle; includeInIndex = 0; path = DomainTests.xctest; sourceTree = BUILT_PRODUCTS_DIR; };
		1A493DE42E73D9F000187B3E /* Service.framework */ = {isa = PBXFileReference; explicitFileType = wrapper.framework; includeInIndex = 0; path = Service.framework; sourceTree = BUILT_PRODUCTS_DIR; };
		1A493DEC2E73D9F100187B3E /* ServiceTests.xctest */ = {isa = PBXFileReference; explicitFileType = wrapper.cfbundle; includeInIndex = 0; path = ServiceTests.xctest; sourceTree = BUILT_PRODUCTS_DIR; };
		1A494BD22E73E4DB00187B3E /* AppIntents.framework */ = {isa = PBXFileReference; lastKnownFileType = wrapper.framework; name = AppIntents.framework; path = System/Library/Frameworks/AppIntents.framework; sourceTree = SDKROOT; };
		1AFC287A2E609B9E00258BEE /* AeroSpaceBarUITests.xctest */ = {isa = PBXFileReference; explicitFileType = wrapper.cfbundle; includeInIndex = 0; path = AeroSpaceBarUITests.xctest; sourceTree = BUILT_PRODUCTS_DIR; };
		1AFC28892E609BDA00258BEE /* AeroSpaceBarTests.xctest */ = {isa = PBXFileReference; explicitFileType = wrapper.cfbundle; includeInIndex = 0; path = AeroSpaceBarTests.xctest; sourceTree = BUILT_PRODUCTS_DIR; };
		C10E2F8A2D41235900AC957C /* AeroSpaceBar.app */ = {isa = PBXFileReference; explicitFileType = wrapper.application; includeInIndex = 0; path = AeroSpaceBar.app; sourceTree = BUILT_PRODUCTS_DIR; };
/* End PBXFileReference section */

/* Begin PBXFileSystemSynchronizedBuildFileExceptionSet section */
		1A4941172E73DC1200187B3E /* Exceptions for "Sources" folder in "AeroSpaceBar" target */ = {
			isa = PBXFileSystemSynchronizedBuildFileExceptionSet;
			membershipExceptions = (
				Presentation/AeroSpaceBarApp.swift,
				Presentation/AppDelegate.swift,
				Presentation/AppIcon.icon,
				Presentation/DependencyContainer.swift,
				Presentation/Resources/Assets.xcassets,
				Presentation/Resources/Localizable.xcstrings,
				Presentation/ViewModels/DeveloperSettingsViewModel.swift,
				Presentation/ViewModels/GroupsViewModel.swift,
				Presentation/ViewModels/SettingsViewModel.swift,
				Presentation/ViewModels/SpacesViewModel.swift,
				Presentation/Views/AboutView.swift,
				Presentation/Views/AppMenuView.swift,
				Presentation/Views/CommonViews/FeatureFlagToggle.swift,
				Presentation/Views/CommonViews/IntroForm.swift,
				Presentation/Views/CommonViews/NavigationPage.swift,
				Presentation/Views/CommonViews/SettingsColorPicker.swift,
				Presentation/Views/CommonViews/SettingsDestructiveButton.swift,
				Presentation/Views/CommonViews/SettingsSlider.swift,
				Presentation/Views/CommonViews/SettingsToggle.swift,
				Presentation/Views/CommonViews/StickySlider.swift,
				Presentation/Views/CommonViews/Theme.swift,
				Presentation/Views/CommonViews/ViewModifiers.swift,
				Presentation/Views/GroupsViews/GroupsView.swift,
				Presentation/Views/GroupsViews/GroupView.swift,
				Presentation/Views/MenuViews/MenuItemView.swift,
				Presentation/Views/SettingsViews/Advanced/AdvancedSettingsView.swift,
				Presentation/Views/SettingsViews/Developer/DeveloperSettingsView.swift,
				Presentation/Views/SettingsViews/General/GeneralSettingsView.swift,
				Presentation/Views/SettingsViews/Groups/GroupAppRangePicker.swift,
				Presentation/Views/SettingsViews/Groups/GroupPageView.swift,
				Presentation/Views/SettingsViews/Groups/GroupSettingsListRowView.swift,
				Presentation/Views/SettingsViews/Groups/GroupsSettingsView.swift,
				Presentation/Views/SettingsViews/Navigation/GroupNavigationPage.swift,
				Presentation/Views/SettingsViews/Navigation/RootNavigationPage.swift,
				Presentation/Views/SettingsViews/SettingsView.swift,
				Presentation/Views/SettingsViews/Spaces/SpacesSettingsView.swift,
				Presentation/Views/SpacesViews/SpacesContainerView.swift,
				Presentation/Views/SpacesViews/SpacesView.swift,
				Presentation/Views/SpacesViews/SpaceView.swift,
				Presentation/Views/SpacesViews/WallpaperBackgroundView.swift,
				Presentation/Views/SpacesViews/WindowView.swift,
			);
			target = C10E2F892D41235900AC957C /* AeroSpaceBar */;
		};
		1A4941182E73DC1200187B3E /* Exceptions for "Sources" folder in "Domain" target */ = {
			isa = PBXFileSystemSynchronizedBuildFileExceptionSet;
			membershipExceptions = (
				Presentation/AeroSpaceBarApp.swift,
				Presentation/AppDelegate.swift,
				Presentation/AppIcon.icon,
				Presentation/DependencyContainer.swift,
				Presentation/Info.plist,
				Presentation/Resources/Assets.xcassets,
				Presentation/Resources/Localizable.xcstrings,
				Presentation/ViewModels/DeveloperSettingsViewModel.swift,
				Presentation/ViewModels/GroupsViewModel.swift,
				Presentation/ViewModels/SettingsViewModel.swift,
				Presentation/ViewModels/SpacesViewModel.swift,
				Presentation/Views/AboutView.swift,
				Presentation/Views/AppMenuView.swift,
				Presentation/Views/CommonViews/FeatureFlagToggle.swift,
				Presentation/Views/CommonViews/IntroForm.swift,
				Presentation/Views/CommonViews/NavigationPage.swift,
				Presentation/Views/CommonViews/SettingsColorPicker.swift,
				Presentation/Views/CommonViews/SettingsDestructiveButton.swift,
				Presentation/Views/CommonViews/SettingsSlider.swift,
				Presentation/Views/CommonViews/SettingsToggle.swift,
				Presentation/Views/CommonViews/StickySlider.swift,
				Presentation/Views/CommonViews/Theme.swift,
				Presentation/Views/CommonViews/ViewModifiers.swift,
				Presentation/Views/GroupsViews/GroupsView.swift,
				Presentation/Views/GroupsViews/GroupView.swift,
				Presentation/Views/MenuViews/MenuItemView.swift,
				Presentation/Views/SettingsViews/Advanced/AdvancedSettingsView.swift,
				Presentation/Views/SettingsViews/Developer/DeveloperSettingsView.swift,
				Presentation/Views/SettingsViews/General/GeneralSettingsView.swift,
				Presentation/Views/SettingsViews/Groups/GroupAppRangePicker.swift,
				Presentation/Views/SettingsViews/Groups/GroupPageView.swift,
				Presentation/Views/SettingsViews/Groups/GroupSettingsListRowView.swift,
				Presentation/Views/SettingsViews/Groups/GroupsSettingsView.swift,
				Presentation/Views/SettingsViews/Navigation/GroupNavigationPage.swift,
				Presentation/Views/SettingsViews/Navigation/RootNavigationPage.swift,
				Presentation/Views/SettingsViews/SettingsView.swift,
				Presentation/Views/SettingsViews/Spaces/SpacesSettingsView.swift,
				Presentation/Views/SpacesViews/SpacesContainerView.swift,
				Presentation/Views/SpacesViews/SpacesView.swift,
				Presentation/Views/SpacesViews/SpaceView.swift,
				Presentation/Views/SpacesViews/WallpaperBackgroundView.swift,
				Presentation/Views/SpacesViews/WindowView.swift,
				Service/Network/AeroSpaceCLIClient.swift,
				Service/Network/IconCache.swift,
				Service/Repositories/AeroSpace/AeroSpaceConfiguration.swift,
				Service/Repositories/AeroSpace/AeroSpaceRepository.swift,
				Service/Repositories/ConfigurationRepository.swift,
				Service/Repositories/FeatureFlagsRepository.swift,
				Service/Repositories/SystemMenuBarRepository.swift,
			);
			target = 1A493CFB2E73D9CF00187B3E /* Domain */;
		};
		1A4941192E73DC1200187B3E /* Exceptions for "Sources" folder in "Service" target */ = {
			isa = PBXFileSystemSynchronizedBuildFileExceptionSet;
			membershipExceptions = (
				Service/Network/AeroSpaceCLIClient.swift,
				Service/Network/IconCache.swift,
				Service/Repositories/AeroSpace/AeroSpaceConfiguration.swift,
				Service/Repositories/AeroSpace/AeroSpaceRepository.swift,
				Service/Repositories/ConfigurationRepository.swift,
				Service/Repositories/FeatureFlagsRepository.swift,
				Service/Repositories/SystemMenuBarRepository.swift,
			);
			target = 1A493DE32E73D9F000187B3E /* Service */;
		};
		1A49416B2E73DC3C00187B3E /* Exceptions for "Tests" folder in "AeroSpaceBarUITests" target */ = {
			isa = PBXFileSystemSynchronizedBuildFileExceptionSet;
			membershipExceptions = (
				PresentationUITests/AeroSpaceBarAppUITests.swift,
				PresentationUITests/AppDelegateUITests.swift,
				PresentationUITests/DependencyContainerUITests.swift,
				PresentationUITests/FlowsUITests/CompleteUserJourneyUITests.swift,
				PresentationUITests/PresentationUITests/ViewModelsUITests/SettingsViewModelUITests.swift,
				PresentationUITests/PresentationUITests/ViewModelsUITests/SpacesViewModelUITests.swift,
				PresentationUITests/PresentationUITests/ViewsUITests/AboutViewUITests.swift,
				PresentationUITests/PresentationUITests/ViewsUITests/AppMenuViewUITests.swift,
				PresentationUITests/PresentationUITests/ViewsUITests/CommonUITests/IntroFormUITests.swift,
				PresentationUITests/PresentationUITests/ViewsUITests/SettingsViewsUITests/AdvancedSettingsViewUITests.swift,
				PresentationUITests/PresentationUITests/ViewsUITests/SettingsViewsUITests/GeneralSettingsViewUITests.swift,
				PresentationUITests/PresentationUITests/ViewsUITests/SettingsViewsUITests/SettingsNavigationOptionsUITests.swift,
				PresentationUITests/PresentationUITests/ViewsUITests/SettingsViewUITests.swift,
				PresentationUITests/PresentationUITests/ViewsUITests/SpacesViewUITests.swift,
			);
			target = 1AFC28792E609B9E00258BEE /* AeroSpaceBarUITests */;
		};
		1A49416C2E73DC3C00187B3E /* Exceptions for "Tests" folder in "AeroSpaceBarTests" target */ = {
			isa = PBXFileSystemSynchronizedBuildFileExceptionSet;
			membershipExceptions = (
				PresentationTests/AeroSpaceBarAppTests.swift,
				PresentationTests/AppDelegateTests.swift,
				PresentationTests/DependencyContainerTests.swift,
			);
			target = 1AFC28882E609BDA00258BEE /* AeroSpaceBarTests */;
		};
		1A49416D2E73DC3C00187B3E /* Exceptions for "Tests" folder in "Domain" target */ = {
			isa = PBXFileSystemSynchronizedBuildFileExceptionSet;
			membershipExceptions = (
				DomainTests/EntitiesTests/AppErrorTests.swift,
				DomainTests/EntitiesTests/AppModelsTests.swift,
				DomainTests/EntitiesTests/ConfigurationDefaultsTests.swift,
				DomainTests/EntitiesTests/LoggerTests.swift,
				DomainTests/EntitiesTests/UserDefaultsKeysTests.swift,
				DomainTests/GatewaysTests/ConfigurationGatewayTests.swift,
				DomainTests/GatewaysTests/SpacesGatewayTests.swift,
				DomainTests/GatewaysTests/SystemMenuBarGatewayTests.swift,
				DomainTests/UseCasesTests/GetAeroSpacePathUseCaseTests.swift,
				DomainTests/UseCasesTests/GetSpacesUseCaseTests.swift,
				PresentationTests/AeroSpaceBarAppTests.swift,
				PresentationTests/AppDelegateTests.swift,
				PresentationTests/DependencyContainerTests.swift,
				PresentationUITests/AeroSpaceBarAppUITests.swift,
				PresentationUITests/AppDelegateUITests.swift,
				PresentationUITests/DependencyContainerUITests.swift,
				PresentationUITests/FlowsUITests/CompleteUserJourneyUITests.swift,
				PresentationUITests/PresentationUITests/ViewModelsUITests/SettingsViewModelUITests.swift,
				PresentationUITests/PresentationUITests/ViewModelsUITests/SpacesViewModelUITests.swift,
				PresentationUITests/PresentationUITests/ViewsUITests/AboutViewUITests.swift,
				PresentationUITests/PresentationUITests/ViewsUITests/AppMenuViewUITests.swift,
				PresentationUITests/PresentationUITests/ViewsUITests/CommonUITests/IntroFormUITests.swift,
				PresentationUITests/PresentationUITests/ViewsUITests/SettingsViewsUITests/AdvancedSettingsViewUITests.swift,
				PresentationUITests/PresentationUITests/ViewsUITests/SettingsViewsUITests/GeneralSettingsViewUITests.swift,
				PresentationUITests/PresentationUITests/ViewsUITests/SettingsViewsUITests/SettingsNavigationOptionsUITests.swift,
				PresentationUITests/PresentationUITests/ViewsUITests/SettingsViewUITests.swift,
				PresentationUITests/PresentationUITests/ViewsUITests/SpacesViewUITests.swift,
				ServiceTests/NetworkTests/AeroSpaceCLIClientTests.swift,
				ServiceTests/NetworkTests/IconCacheTests.swift,
				ServiceTests/RepositoriesTests/AeroSpace/AeroSpaceRepositoryTests.swift,
				ServiceTests/RepositoriesTests/ConfigurationRepositoryTests.swift,
				ServiceTests/RepositoriesTests/SystemMenuBarRepositoryTests.swift,
			);
			target = 1A493CFB2E73D9CF00187B3E /* Domain */;
		};
		1A49416E2E73DC3C00187B3E /* Exceptions for "Tests" folder in "DomainTests" target */ = {
			isa = PBXFileSystemSynchronizedBuildFileExceptionSet;
			membershipExceptions = (
				DomainTests/EntitiesTests/AppErrorTests.swift,
				DomainTests/EntitiesTests/AppModelsTests.swift,
				DomainTests/EntitiesTests/ConfigurationDefaultsTests.swift,
				DomainTests/EntitiesTests/LoggerTests.swift,
				DomainTests/EntitiesTests/UserDefaultsKeysTests.swift,
				DomainTests/GatewaysTests/ConfigurationGatewayTests.swift,
				DomainTests/GatewaysTests/SpacesGatewayTests.swift,
				DomainTests/GatewaysTests/SystemMenuBarGatewayTests.swift,
				DomainTests/UseCasesTests/GetAeroSpacePathUseCaseTests.swift,
				DomainTests/UseCasesTests/GetSpacesUseCaseTests.swift,
			);
			target = 1A493D032E73D9CF00187B3E /* DomainTests */;
		};
		1A49416F2E73DC3C00187B3E /* Exceptions for "Tests" folder in "ServiceTests" target */ = {
			isa = PBXFileSystemSynchronizedBuildFileExceptionSet;
			membershipExceptions = (
				ServiceTests/NetworkTests/AeroSpaceCLIClientTests.swift,
				ServiceTests/NetworkTests/IconCacheTests.swift,
				ServiceTests/RepositoriesTests/AeroSpace/AeroSpaceRepositoryTests.swift,
				ServiceTests/RepositoriesTests/ConfigurationRepositoryTests.swift,
				ServiceTests/RepositoriesTests/SystemMenuBarRepositoryTests.swift,
			);
			target = 1A493DEB2E73D9F100187B3E /* ServiceTests */;
		};
/* End PBXFileSystemSynchronizedBuildFileExceptionSet section */

/* Begin PBXFileSystemSynchronizedRootGroup section */
		1A493FFF2E73DBFD00187B3E /* Sources */ = {
			isa = PBXFileSystemSynchronizedRootGroup;
			exceptions = (
				1A4941172E73DC1200187B3E /* Exceptions for "Sources" folder in "AeroSpaceBar" target */,
				1A4941182E73DC1200187B3E /* Exceptions for "Sources" folder in "Domain" target */,
				1A4941192E73DC1200187B3E /* Exceptions for "Sources" folder in "Service" target */,
			);
			path = Sources;
			sourceTree = "<group>";
		};
		1A4940022E73DC0600187B3E /* Tests */ = {
			isa = PBXFileSystemSynchronizedRootGroup;
			exceptions = (
				1A49416B2E73DC3C00187B3E /* Exceptions for "Tests" folder in "AeroSpaceBarUITests" target */,
				1A49416C2E73DC3C00187B3E /* Exceptions for "Tests" folder in "AeroSpaceBarTests" target */,
				1A49416D2E73DC3C00187B3E /* Exceptions for "Tests" folder in "Domain" target */,
				1A49416E2E73DC3C00187B3E /* Exceptions for "Tests" folder in "DomainTests" target */,
				1A49416F2E73DC3C00187B3E /* Exceptions for "Tests" folder in "ServiceTests" target */,
			);
			path = Tests;
			sourceTree = "<group>";
		};
/* End PBXFileSystemSynchronizedRootGroup section */

/* Begin PBXFrameworksBuildPhase section */
		1A493CF92E73D9CF00187B3E /* Frameworks */ = {
			isa = PBXFrameworksBuildPhase;
			buildActionMask = 2147483647;
			files = (
				1A494BD52E73E4F200187B3E /* AppIntents.framework in Frameworks */,
			);
			runOnlyForDeploymentPostprocessing = 0;
		};
		1A493D012E73D9CF00187B3E /* Frameworks */ = {
			isa = PBXFrameworksBuildPhase;
			buildActionMask = 2147483647;
			files = (
				1A494BDD2E73E5C200187B3E /* AppIntents.framework in Frameworks */,
				1A493D052E73D9CF00187B3E /* Domain.framework in Frameworks */,
			);
			runOnlyForDeploymentPostprocessing = 0;
		};
		1A493DE12E73D9F000187B3E /* Frameworks */ = {
			isa = PBXFrameworksBuildPhase;
			buildActionMask = 2147483647;
			files = (
				1AAFCE8B2E7404D6001948FD /* TOMLKit in Frameworks */,
				1A4941722E73DC5600187B3E /* Domain.framework in Frameworks */,
				1A494BD32E73E4DB00187B3E /* AppIntents.framework in Frameworks */,
			);
			runOnlyForDeploymentPostprocessing = 0;
		};
		1A493DE92E73D9F100187B3E /* Frameworks */ = {
			isa = PBXFrameworksBuildPhase;
			buildActionMask = 2147483647;
			files = (
				1A494BDF2E73E5C800187B3E /* AppIntents.framework in Frameworks */,
				1A493DED2E73D9F100187B3E /* Service.framework in Frameworks */,
			);
			runOnlyForDeploymentPostprocessing = 0;
		};
		1AFC28772E609B9E00258BEE /* Frameworks */ = {
			isa = PBXFrameworksBuildPhase;
			buildActionMask = 2147483647;
			files = (
				1A494BD92E73E5B700187B3E /* AppIntents.framework in Frameworks */,
			);
			runOnlyForDeploymentPostprocessing = 0;
		};
		1AFC28862E609BDA00258BEE /* Frameworks */ = {
			isa = PBXFrameworksBuildPhase;
			buildActionMask = 2147483647;
			files = (
				1A494BDB2E73E5BD00187B3E /* AppIntents.framework in Frameworks */,
			);
			runOnlyForDeploymentPostprocessing = 0;
		};
		C10E2F872D41235900AC957C /* Frameworks */ = {
			isa = PBXFrameworksBuildPhase;
			buildActionMask = 2147483647;
			files = (
				1A49417A2E73DC6500187B3E /* Service.framework in Frameworks */,
				1A4941802E73DC7000187B3E /* Domain.framework in Frameworks */,
				1A4941842E73DC7500187B3E /* AppIntents.framework in Frameworks */,
			);
			runOnlyForDeploymentPostprocessing = 0;
		};
/* End PBXFrameworksBuildPhase section */

/* Begin PBXGroup section */
		1A493B982E7335CB00187B3E /* Frameworks */ = {
			isa = PBXGroup;
			children = (
				1A494BD22E73E4DB00187B3E /* AppIntents.framework */,
			);
			name = Frameworks;
			sourceTree = "<group>";
		};
		C10E2F812D41235900AC957C = {
			isa = PBXGroup;
			children = (
				1A493B982E7335CB00187B3E /* Frameworks */,
				C10E2F8B2D41235900AC957C /* Products */,
				1A493FFF2E73DBFD00187B3E /* Sources */,
				1A4940022E73DC0600187B3E /* Tests */,
			);
			sourceTree = "<group>";
		};
		C10E2F8B2D41235900AC957C /* Products */ = {
			isa = PBXGroup;
			children = (
				C10E2F8A2D41235900AC957C /* AeroSpaceBar.app */,
				1AFC287A2E609B9E00258BEE /* AeroSpaceBarUITests.xctest */,
				1AFC28892E609BDA00258BEE /* AeroSpaceBarTests.xctest */,
				1A493CFC2E73D9CF00187B3E /* Domain.framework */,
				1A493D042E73D9CF00187B3E /* DomainTests.xctest */,
				1A493DE42E73D9F000187B3E /* Service.framework */,
				1A493DEC2E73D9F100187B3E /* ServiceTests.xctest */,
			);
			name = Products;
			sourceTree = "<group>";
		};
/* End PBXGroup section */

/* Begin PBXHeadersBuildPhase section */
		1A493CF72E73D9CF00187B3E /* Headers */ = {
			isa = PBXHeadersBuildPhase;
			buildActionMask = 2147483647;
			files = (
			);
			runOnlyForDeploymentPostprocessing = 0;
		};
		1A493DDF2E73D9F000187B3E /* Headers */ = {
			isa = PBXHeadersBuildPhase;
			buildActionMask = 2147483647;
			files = (
			);
			runOnlyForDeploymentPostprocessing = 0;
		};
/* End PBXHeadersBuildPhase section */

/* Begin PBXNativeTarget section */
		1A493CFB2E73D9CF00187B3E /* Domain */ = {
			isa = PBXNativeTarget;
			buildConfigurationList = 1A493D152E73D9CF00187B3E /* Build configuration list for PBXNativeTarget "Domain" */;
			buildPhases = (
				1A493CF72E73D9CF00187B3E /* Headers */,
				1A493CF82E73D9CF00187B3E /* Sources */,
				1A493CF92E73D9CF00187B3E /* Frameworks */,
				1A493CFA2E73D9CF00187B3E /* Resources */,
			);
			buildRules = (
			);
			dependencies = (
			);
			fileSystemSynchronizedGroups = (
				1A493FFF2E73DBFD00187B3E /* Sources */,
				1A4940022E73DC0600187B3E /* Tests */,
			);
			name = Domain;
			packageProductDependencies = (
			);
			productName = Domain;
			productReference = 1A493CFC2E73D9CF00187B3E /* Domain.framework */;
			productType = "com.apple.product-type.framework";
		};
		1A493D032E73D9CF00187B3E /* DomainTests */ = {
			isa = PBXNativeTarget;
			buildConfigurationList = 1A493D202E73D9CF00187B3E /* Build configuration list for PBXNativeTarget "DomainTests" */;
			buildPhases = (
				1A493D002E73D9CF00187B3E /* Sources */,
				1A493D012E73D9CF00187B3E /* Frameworks */,
				1A493D022E73D9CF00187B3E /* Resources */,
			);
			buildRules = (
			);
			dependencies = (
				1A493D072E73D9CF00187B3E /* PBXTargetDependency */,
			);
			name = DomainTests;
			packageProductDependencies = (
			);
			productName = DomainTests;
			productReference = 1A493D042E73D9CF00187B3E /* DomainTests.xctest */;
			productType = "com.apple.product-type.bundle.unit-test";
		};
		1A493DE32E73D9F000187B3E /* Service */ = {
			isa = PBXNativeTarget;
			buildConfigurationList = 1A493DF92E73D9F100187B3E /* Build configuration list for PBXNativeTarget "Service" */;
			buildPhases = (
				1A493DDF2E73D9F000187B3E /* Headers */,
				1A493DE02E73D9F000187B3E /* Sources */,
				1A493DE12E73D9F000187B3E /* Frameworks */,
				1A493DE22E73D9F000187B3E /* Resources */,
				1A4941762E73DC5600187B3E /* Embed Frameworks */,
			);
			buildRules = (
			);
			dependencies = (
				1A4941752E73DC5600187B3E /* PBXTargetDependency */,
			);
			name = Service;
			packageProductDependencies = (
				1AAFCE8A2E7404D6001948FD /* TOMLKit */,
			);
			productName = Service;
			productReference = 1A493DE42E73D9F000187B3E /* Service.framework */;
			productType = "com.apple.product-type.framework";
		};
		1A493DEB2E73D9F100187B3E /* ServiceTests */ = {
			isa = PBXNativeTarget;
			buildConfigurationList = 1A493DFC2E73D9F100187B3E /* Build configuration list for PBXNativeTarget "ServiceTests" */;
			buildPhases = (
				1A493DE82E73D9F100187B3E /* Sources */,
				1A493DE92E73D9F100187B3E /* Frameworks */,
				1A493DEA2E73D9F100187B3E /* Resources */,
			);
			buildRules = (
			);
			dependencies = (
				1A493DEF2E73D9F100187B3E /* PBXTargetDependency */,
			);
			name = ServiceTests;
			packageProductDependencies = (
			);
			productName = ServiceTests;
			productReference = 1A493DEC2E73D9F100187B3E /* ServiceTests.xctest */;
			productType = "com.apple.product-type.bundle.unit-test";
		};
		1AFC28792E609B9E00258BEE /* AeroSpaceBarUITests */ = {
			isa = PBXNativeTarget;
			buildConfigurationList = 1AFC28842E609B9E00258BEE /* Build configuration list for PBXNativeTarget "AeroSpaceBarUITests" */;
			buildPhases = (
				1AFC28762E609B9E00258BEE /* Sources */,
				1AFC28772E609B9E00258BEE /* Frameworks */,
				1AFC28782E609B9E00258BEE /* Resources */,
			);
			buildRules = (
			);
			dependencies = (
				1AFC28812E609B9E00258BEE /* PBXTargetDependency */,
			);
			name = AeroSpaceBarUITests;
			packageProductDependencies = (
			);
			productName = AeroSpaceBarUITests;
			productReference = 1AFC287A2E609B9E00258BEE /* AeroSpaceBarUITests.xctest */;
			productType = "com.apple.product-type.bundle.ui-testing";
		};
		1AFC28882E609BDA00258BEE /* AeroSpaceBarTests */ = {
			isa = PBXNativeTarget;
			buildConfigurationList = 1AFC288F2E609BDA00258BEE /* Build configuration list for PBXNativeTarget "AeroSpaceBarTests" */;
			buildPhases = (
				1AFC28852E609BDA00258BEE /* Sources */,
				1AFC28862E609BDA00258BEE /* Frameworks */,
				1AFC28872E609BDA00258BEE /* Resources */,
			);
			buildRules = (
			);
			dependencies = (
				1AFC288E2E609BDA00258BEE /* PBXTargetDependency */,
			);
			name = AeroSpaceBarTests;
			packageProductDependencies = (
			);
			productName = AeroSpaceBarTests;
			productReference = 1AFC28892E609BDA00258BEE /* AeroSpaceBarTests.xctest */;
			productType = "com.apple.product-type.bundle.unit-test";
		};
		C10E2F892D41235900AC957C /* AeroSpaceBar */ = {
			isa = PBXNativeTarget;
			buildConfigurationList = C10E2FAF2D41235B00AC957C /* Build configuration list for PBXNativeTarget "AeroSpaceBar" */;
			buildPhases = (
				C10E2F862D41235900AC957C /* Sources */,
				C10E2F872D41235900AC957C /* Frameworks */,
				C10E2F882D41235900AC957C /* Resources */,
				1A49417E2E73DC6500187B3E /* Embed Frameworks */,
			);
			buildRules = (
			);
			dependencies = (
				1A49417D2E73DC6500187B3E /* PBXTargetDependency */,
				1A4941832E73DC7000187B3E /* PBXTargetDependency */,
			);
			name = AeroSpaceBar;
			packageProductDependencies = (
			);
			productName = AeroSpaceBar;
			productReference = C10E2F8A2D41235900AC957C /* AeroSpaceBar.app */;
			productType = "com.apple.product-type.application";
		};
/* End PBXNativeTarget section */

/* Begin PBXProject section */
		C10E2F822D41235900AC957C /* Project object */ = {
			isa = PBXProject;
			attributes = {
				BuildIndependentTargetsInParallel = 1;
				LastSwiftUpdateCheck = 2600;
				LastUpgradeCheck = 2600;
				TargetAttributes = {
					1A493CFB2E73D9CF00187B3E = {
						CreatedOnToolsVersion = 26.0;
					};
					1A493D032E73D9CF00187B3E = {
						CreatedOnToolsVersion = 26.0;
						TestTargetID = C10E2F892D41235900AC957C;
					};
					1A493DE32E73D9F000187B3E = {
						CreatedOnToolsVersion = 26.0;
					};
					1A493DEB2E73D9F100187B3E = {
						CreatedOnToolsVersion = 26.0;
						TestTargetID = C10E2F892D41235900AC957C;
					};
					1AFC28792E609B9E00258BEE = {
						CreatedOnToolsVersion = 26.0;
						TestTargetID = C10E2F892D41235900AC957C;
					};
					1AFC28882E609BDA00258BEE = {
						CreatedOnToolsVersion = 26.0;
						TestTargetID = C10E2F892D41235900AC957C;
					};
					C10E2F892D41235900AC957C = {
						CreatedOnToolsVersion = 16.2;
						LastSwiftMigration = 2600;
					};
				};
			};
			buildConfigurationList = C10E2F852D41235900AC957C /* Build configuration list for PBXProject "AeroSpaceBar" */;
			developmentRegion = en;
			hasScannedForEncodings = 0;
			knownRegions = (
				en,
			);
			mainGroup = C10E2F812D41235900AC957C;
			minimizedProjectReferenceProxies = 1;
			packageReferences = (
				1AAFCE892E7404D6001948FD /* XCRemoteSwiftPackageReference "TOMLKit" */,
			);
			preferredProjectObjectVersion = 77;
			productRefGroup = C10E2F8B2D41235900AC957C /* Products */;
			projectDirPath = "";
			projectRoot = "";
			targets = (
				C10E2F892D41235900AC957C /* AeroSpaceBar */,
				1AFC28792E609B9E00258BEE /* AeroSpaceBarUITests */,
				1AFC28882E609BDA00258BEE /* AeroSpaceBarTests */,
				1A493CFB2E73D9CF00187B3E /* Domain */,
				1A493D032E73D9CF00187B3E /* DomainTests */,
				1A493DE32E73D9F000187B3E /* Service */,
				1A493DEB2E73D9F100187B3E /* ServiceTests */,
			);
		};
/* End PBXProject section */

/* Begin PBXResourcesBuildPhase section */
		1A493CFA2E73D9CF00187B3E /* Resources */ = {
			isa = PBXResourcesBuildPhase;
			buildActionMask = 2147483647;
			files = (
			);
			runOnlyForDeploymentPostprocessing = 0;
		};
		1A493D022E73D9CF00187B3E /* Resources */ = {
			isa = PBXResourcesBuildPhase;
			buildActionMask = 2147483647;
			files = (
			);
			runOnlyForDeploymentPostprocessing = 0;
		};
		1A493DE22E73D9F000187B3E /* Resources */ = {
			isa = PBXResourcesBuildPhase;
			buildActionMask = 2147483647;
			files = (
			);
			runOnlyForDeploymentPostprocessing = 0;
		};
		1A493DEA2E73D9F100187B3E /* Resources */ = {
			isa = PBXResourcesBuildPhase;
			buildActionMask = 2147483647;
			files = (
			);
			runOnlyForDeploymentPostprocessing = 0;
		};
		1AFC28782E609B9E00258BEE /* Resources */ = {
			isa = PBXResourcesBuildPhase;
			buildActionMask = 2147483647;
			files = (
			);
			runOnlyForDeploymentPostprocessing = 0;
		};
		1AFC28872E609BDA00258BEE /* Resources */ = {
			isa = PBXResourcesBuildPhase;
			buildActionMask = 2147483647;
			files = (
			);
			runOnlyForDeploymentPostprocessing = 0;
		};
		C10E2F882D41235900AC957C /* Resources */ = {
			isa = PBXResourcesBuildPhase;
			buildActionMask = 2147483647;
			files = (
			);
			runOnlyForDeploymentPostprocessing = 0;
		};
/* End PBXResourcesBuildPhase section */

/* Begin PBXSourcesBuildPhase section */
		1A493CF82E73D9CF00187B3E /* Sources */ = {
			isa = PBXSourcesBuildPhase;
			buildActionMask = 2147483647;
			files = (
			);
			runOnlyForDeploymentPostprocessing = 0;
		};
		1A493D002E73D9CF00187B3E /* Sources */ = {
			isa = PBXSourcesBuildPhase;
			buildActionMask = 2147483647;
			files = (
			);
			runOnlyForDeploymentPostprocessing = 0;
		};
		1A493DE02E73D9F000187B3E /* Sources */ = {
			isa = PBXSourcesBuildPhase;
			buildActionMask = 2147483647;
			files = (
			);
			runOnlyForDeploymentPostprocessing = 0;
		};
		1A493DE82E73D9F100187B3E /* Sources */ = {
			isa = PBXSourcesBuildPhase;
			buildActionMask = 2147483647;
			files = (
			);
			runOnlyForDeploymentPostprocessing = 0;
		};
		1AFC28762E609B9E00258BEE /* Sources */ = {
			isa = PBXSourcesBuildPhase;
			buildActionMask = 2147483647;
			files = (
			);
			runOnlyForDeploymentPostprocessing = 0;
		};
		1AFC28852E609BDA00258BEE /* Sources */ = {
			isa = PBXSourcesBuildPhase;
			buildActionMask = 2147483647;
			files = (
			);
			runOnlyForDeploymentPostprocessing = 0;
		};
		C10E2F862D41235900AC957C /* Sources */ = {
			isa = PBXSourcesBuildPhase;
			buildActionMask = 2147483647;
			files = (
			);
			runOnlyForDeploymentPostprocessing = 0;
		};
/* End PBXSourcesBuildPhase section */

/* Begin PBXTargetDependency section */
		1A493D072E73D9CF00187B3E /* PBXTargetDependency */ = {
			isa = PBXTargetDependency;
			target = 1A493CFB2E73D9CF00187B3E /* Domain */;
			targetProxy = 1A493D062E73D9CF00187B3E /* PBXContainerItemProxy */;
		};
		1A493DEF2E73D9F100187B3E /* PBXTargetDependency */ = {
			isa = PBXTargetDependency;
			target = 1A493DE32E73D9F000187B3E /* Service */;
			targetProxy = 1A493DEE2E73D9F100187B3E /* PBXContainerItemProxy */;
		};
		1A4941752E73DC5600187B3E /* PBXTargetDependency */ = {
			isa = PBXTargetDependency;
			target = 1A493CFB2E73D9CF00187B3E /* Domain */;
			targetProxy = 1A4941742E73DC5600187B3E /* PBXContainerItemProxy */;
		};
		1A49417D2E73DC6500187B3E /* PBXTargetDependency */ = {
			isa = PBXTargetDependency;
			target = 1A493DE32E73D9F000187B3E /* Service */;
			targetProxy = 1A49417C2E73DC6500187B3E /* PBXContainerItemProxy */;
		};
		1A4941832E73DC7000187B3E /* PBXTargetDependency */ = {
			isa = PBXTargetDependency;
			target = 1A493CFB2E73D9CF00187B3E /* Domain */;
			targetProxy = 1A4941822E73DC7000187B3E /* PBXContainerItemProxy */;
		};
		1AFC28812E609B9E00258BEE /* PBXTargetDependency */ = {
			isa = PBXTargetDependency;
			target = C10E2F892D41235900AC957C /* AeroSpaceBar */;
			targetProxy = 1AFC28802E609B9E00258BEE /* PBXContainerItemProxy */;
		};
		1AFC288E2E609BDA00258BEE /* PBXTargetDependency */ = {
			isa = PBXTargetDependency;
			target = C10E2F892D41235900AC957C /* AeroSpaceBar */;
			targetProxy = 1AFC288D2E609BDA00258BEE /* PBXContainerItemProxy */;
		};
/* End PBXTargetDependency section */

/* Begin XCBuildConfiguration section */
		1A493D112E73D9CF00187B3E /* Debug */ = {
			isa = XCBuildConfiguration;
			buildSettings = {
				BUILD_LIBRARY_FOR_DISTRIBUTION = YES;
				CLANG_CXX_LANGUAGE_STANDARD = "gnu++20";
				CODE_SIGN_STYLE = Automatic;
				COMBINE_HIDPI_IMAGES = YES;
				CURRENT_PROJECT_VERSION = 1;
				DEVELOPMENT_TEAM = "${TEAM_ID}";
				DYLIB_COMPATIBILITY_VERSION = 1;
				DYLIB_CURRENT_VERSION = 1;
				DYLIB_INSTALL_NAME_BASE = "@rpath";
				ENABLE_MODULE_VERIFIER = YES;
				GENERATE_INFOPLIST_FILE = YES;
				INFOPLIST_KEY_NSHumanReadableCopyright = "";
				INSTALL_PATH = "$(LOCAL_LIBRARY_DIR)/Frameworks";
				LD_RUNPATH_SEARCH_PATHS = (
					"$(inherited)",
					"@executable_path/../Frameworks",
					"@loader_path/Frameworks",
				);
				MACOSX_DEPLOYMENT_TARGET = 14.6;
				MARKETING_VERSION = 1.0;
				MODULE_VERIFIER_SUPPORTED_LANGUAGES = "objective-c objective-c++";
				MODULE_VERIFIER_SUPPORTED_LANGUAGE_STANDARDS = "gnu17 gnu++20";
				PRODUCT_BUNDLE_IDENTIFIER = com.rdrkr.AeroSpaceBar.Domain;
				PRODUCT_NAME = "$(TARGET_NAME:c99extidentifier)";
				SDKROOT = macosx;
				SKIP_INSTALL = YES;
				STRING_CATALOG_GENERATE_SYMBOLS = YES;
				SWIFT_APPROACHABLE_CONCURRENCY = YES;
				SWIFT_EMIT_LOC_STRINGS = YES;
				SWIFT_INSTALL_MODULE = YES;
				SWIFT_INSTALL_OBJC_HEADER = NO;
				SWIFT_UPCOMING_FEATURE_MEMBER_IMPORT_VISIBILITY = YES;
				SWIFT_VERSION = 5.0;
				VERSIONING_SYSTEM = "apple-generic";
				VERSION_INFO_PREFIX = "";
			};
			name = Debug;
		};
		1A493D122E73D9CF00187B3E /* Release */ = {
			isa = XCBuildConfiguration;
			buildSettings = {
				BUILD_LIBRARY_FOR_DISTRIBUTION = YES;
				CLANG_CXX_LANGUAGE_STANDARD = "gnu++20";
				CODE_SIGN_STYLE = Automatic;
				COMBINE_HIDPI_IMAGES = YES;
				CURRENT_PROJECT_VERSION = 1;
				DEVELOPMENT_TEAM = "${TEAM_ID}";
				DYLIB_COMPATIBILITY_VERSION = 1;
				DYLIB_CURRENT_VERSION = 1;
				DYLIB_INSTALL_NAME_BASE = "@rpath";
				ENABLE_MODULE_VERIFIER = YES;
				GENERATE_INFOPLIST_FILE = YES;
				INFOPLIST_KEY_NSHumanReadableCopyright = "";
				INSTALL_PATH = "$(LOCAL_LIBRARY_DIR)/Frameworks";
				LD_RUNPATH_SEARCH_PATHS = (
					"$(inherited)",
					"@executable_path/../Frameworks",
					"@loader_path/Frameworks",
				);
				MACOSX_DEPLOYMENT_TARGET = 14.6;
				MARKETING_VERSION = 1.0;
				MODULE_VERIFIER_SUPPORTED_LANGUAGES = "objective-c objective-c++";
				MODULE_VERIFIER_SUPPORTED_LANGUAGE_STANDARDS = "gnu17 gnu++20";
				PRODUCT_BUNDLE_IDENTIFIER = com.rdrkr.AeroSpaceBar.Domain;
				PRODUCT_NAME = "$(TARGET_NAME:c99extidentifier)";
				SDKROOT = macosx;
				SKIP_INSTALL = YES;
				STRING_CATALOG_GENERATE_SYMBOLS = YES;
				SWIFT_APPROACHABLE_CONCURRENCY = YES;
				SWIFT_EMIT_LOC_STRINGS = YES;
				SWIFT_INSTALL_MODULE = YES;
				SWIFT_INSTALL_OBJC_HEADER = NO;
				SWIFT_UPCOMING_FEATURE_MEMBER_IMPORT_VISIBILITY = YES;
				SWIFT_VERSION = 5.0;
				VERSIONING_SYSTEM = "apple-generic";
				VERSION_INFO_PREFIX = "";
			};
			name = Release;
		};
		1A493D132E73D9CF00187B3E /* Debug */ = {
			isa = XCBuildConfiguration;
			buildSettings = {
				CLANG_CXX_LANGUAGE_STANDARD = "gnu++20";
				CODE_SIGN_STYLE = Automatic;
				CURRENT_PROJECT_VERSION = 1;
				DEVELOPMENT_TEAM = 53JNQ2ENLL;
				GENERATE_INFOPLIST_FILE = YES;
				MACOSX_DEPLOYMENT_TARGET = 14.6;
				MARKETING_VERSION = 1.0;
				PRODUCT_BUNDLE_IDENTIFIER = com.rdrkr.AeroSpaceBar.DomainTests;
				PRODUCT_NAME = "$(TARGET_NAME)";
				SDKROOT = macosx;
				STRING_CATALOG_GENERATE_SYMBOLS = NO;
				SWIFT_APPROACHABLE_CONCURRENCY = YES;
				SWIFT_EMIT_LOC_STRINGS = NO;
				SWIFT_UPCOMING_FEATURE_MEMBER_IMPORT_VISIBILITY = YES;
				SWIFT_VERSION = 5.0;
				TEST_HOST = "$(BUILT_PRODUCTS_DIR)/AeroSpaceBar.app/$(BUNDLE_EXECUTABLE_FOLDER_PATH)/AeroSpaceBar";
			};
			name = Debug;
		};
		1A493D142E73D9CF00187B3E /* Release */ = {
			isa = XCBuildConfiguration;
			buildSettings = {
				CLANG_CXX_LANGUAGE_STANDARD = "gnu++20";
				CODE_SIGN_STYLE = Automatic;
				CURRENT_PROJECT_VERSION = 1;
				DEVELOPMENT_TEAM = 53JNQ2ENLL;
				GENERATE_INFOPLIST_FILE = YES;
				MACOSX_DEPLOYMENT_TARGET = 14.6;
				MARKETING_VERSION = 1.0;
				PRODUCT_BUNDLE_IDENTIFIER = com.rdrkr.AeroSpaceBar.DomainTests;
				PRODUCT_NAME = "$(TARGET_NAME)";
				SDKROOT = macosx;
				STRING_CATALOG_GENERATE_SYMBOLS = NO;
				SWIFT_APPROACHABLE_CONCURRENCY = YES;
				SWIFT_EMIT_LOC_STRINGS = NO;
				SWIFT_UPCOMING_FEATURE_MEMBER_IMPORT_VISIBILITY = YES;
				SWIFT_VERSION = 5.0;
				TEST_HOST = "$(BUILT_PRODUCTS_DIR)/AeroSpaceBar.app/$(BUNDLE_EXECUTABLE_FOLDER_PATH)/AeroSpaceBar";
			};
			name = Release;
		};
		1A493DFA2E73D9F100187B3E /* Debug */ = {
			isa = XCBuildConfiguration;
			buildSettings = {
				BUILD_LIBRARY_FOR_DISTRIBUTION = YES;
				CLANG_CXX_LANGUAGE_STANDARD = "gnu++20";
				CODE_SIGN_STYLE = Automatic;
				COMBINE_HIDPI_IMAGES = YES;
				CURRENT_PROJECT_VERSION = 1;
				DEVELOPMENT_TEAM = "${TEAM_ID}";
				DYLIB_COMPATIBILITY_VERSION = 1;
				DYLIB_CURRENT_VERSION = 1;
				DYLIB_INSTALL_NAME_BASE = "@rpath";
				ENABLE_MODULE_VERIFIER = YES;
				GENERATE_INFOPLIST_FILE = YES;
				INFOPLIST_KEY_NSHumanReadableCopyright = "";
				INSTALL_PATH = "$(LOCAL_LIBRARY_DIR)/Frameworks";
				LD_RUNPATH_SEARCH_PATHS = (
					"$(inherited)",
					"@executable_path/../Frameworks",
					"@loader_path/Frameworks",
				);
				MACOSX_DEPLOYMENT_TARGET = 14.6;
				MARKETING_VERSION = 1.0;
				MODULE_VERIFIER_SUPPORTED_LANGUAGES = "objective-c objective-c++";
				MODULE_VERIFIER_SUPPORTED_LANGUAGE_STANDARDS = "gnu17 gnu++20";
				PRODUCT_BUNDLE_IDENTIFIER = com.rdrkr.AeroSpaceBar.Service;
				PRODUCT_NAME = "$(TARGET_NAME:c99extidentifier)";
				SDKROOT = macosx;
				SKIP_INSTALL = YES;
				STRING_CATALOG_GENERATE_SYMBOLS = YES;
				SWIFT_APPROACHABLE_CONCURRENCY = YES;
				SWIFT_EMIT_LOC_STRINGS = YES;
				SWIFT_INSTALL_MODULE = YES;
				SWIFT_INSTALL_OBJC_HEADER = NO;
				SWIFT_UPCOMING_FEATURE_MEMBER_IMPORT_VISIBILITY = YES;
				SWIFT_VERSION = 5.0;
				VERSIONING_SYSTEM = "apple-generic";
				VERSION_INFO_PREFIX = "";
			};
			name = Debug;
		};
		1A493DFB2E73D9F100187B3E /* Release */ = {
			isa = XCBuildConfiguration;
			buildSettings = {
				BUILD_LIBRARY_FOR_DISTRIBUTION = YES;
				CLANG_CXX_LANGUAGE_STANDARD = "gnu++20";
				CODE_SIGN_STYLE = Automatic;
				COMBINE_HIDPI_IMAGES = YES;
				CURRENT_PROJECT_VERSION = 1;
				DEVELOPMENT_TEAM = "${TEAM_ID}";
				DYLIB_COMPATIBILITY_VERSION = 1;
				DYLIB_CURRENT_VERSION = 1;
				DYLIB_INSTALL_NAME_BASE = "@rpath";
				ENABLE_MODULE_VERIFIER = YES;
				GENERATE_INFOPLIST_FILE = YES;
				INFOPLIST_KEY_NSHumanReadableCopyright = "";
				INSTALL_PATH = "$(LOCAL_LIBRARY_DIR)/Frameworks";
				LD_RUNPATH_SEARCH_PATHS = (
					"$(inherited)",
					"@executable_path/../Frameworks",
					"@loader_path/Frameworks",
				);
				MACOSX_DEPLOYMENT_TARGET = 14.6;
				MARKETING_VERSION = 1.0;
				MODULE_VERIFIER_SUPPORTED_LANGUAGES = "objective-c objective-c++";
				MODULE_VERIFIER_SUPPORTED_LANGUAGE_STANDARDS = "gnu17 gnu++20";
				PRODUCT_BUNDLE_IDENTIFIER = com.rdrkr.AeroSpaceBar.Service;
				PRODUCT_NAME = "$(TARGET_NAME:c99extidentifier)";
				SDKROOT = macosx;
				SKIP_INSTALL = YES;
				STRING_CATALOG_GENERATE_SYMBOLS = YES;
				SWIFT_APPROACHABLE_CONCURRENCY = YES;
				SWIFT_EMIT_LOC_STRINGS = YES;
				SWIFT_INSTALL_MODULE = YES;
				SWIFT_INSTALL_OBJC_HEADER = NO;
				SWIFT_UPCOMING_FEATURE_MEMBER_IMPORT_VISIBILITY = YES;
				SWIFT_VERSION = 5.0;
				VERSIONING_SYSTEM = "apple-generic";
				VERSION_INFO_PREFIX = "";
			};
			name = Release;
		};
		1A493DFD2E73D9F100187B3E /* Debug */ = {
			isa = XCBuildConfiguration;
			buildSettings = {
				CLANG_CXX_LANGUAGE_STANDARD = "gnu++20";
				CODE_SIGN_STYLE = Automatic;
				CURRENT_PROJECT_VERSION = 1;
				DEVELOPMENT_TEAM = 53JNQ2ENLL;
				GENERATE_INFOPLIST_FILE = YES;
				MACOSX_DEPLOYMENT_TARGET = 14.6;
				MARKETING_VERSION = 1.0;
				PRODUCT_BUNDLE_IDENTIFIER = com.rdrkr.AeroSpaceBar.ServiceTests;
				PRODUCT_NAME = "$(TARGET_NAME)";
				SDKROOT = macosx;
				STRING_CATALOG_GENERATE_SYMBOLS = NO;
				SWIFT_APPROACHABLE_CONCURRENCY = YES;
				SWIFT_EMIT_LOC_STRINGS = NO;
				SWIFT_UPCOMING_FEATURE_MEMBER_IMPORT_VISIBILITY = YES;
				SWIFT_VERSION = 5.0;
				TEST_HOST = "$(BUILT_PRODUCTS_DIR)/AeroSpaceBar.app/$(BUNDLE_EXECUTABLE_FOLDER_PATH)/AeroSpaceBar";
			};
			name = Debug;
		};
		1A493DFE2E73D9F100187B3E /* Release */ = {
			isa = XCBuildConfiguration;
			buildSettings = {
				CLANG_CXX_LANGUAGE_STANDARD = "gnu++20";
				CODE_SIGN_STYLE = Automatic;
				CURRENT_PROJECT_VERSION = 1;
				DEVELOPMENT_TEAM = 53JNQ2ENLL;
				GENERATE_INFOPLIST_FILE = YES;
				MACOSX_DEPLOYMENT_TARGET = 14.6;
				MARKETING_VERSION = 1.0;
				PRODUCT_BUNDLE_IDENTIFIER = com.rdrkr.AeroSpaceBar.ServiceTests;
				PRODUCT_NAME = "$(TARGET_NAME)";
				SDKROOT = macosx;
				STRING_CATALOG_GENERATE_SYMBOLS = NO;
				SWIFT_APPROACHABLE_CONCURRENCY = YES;
				SWIFT_EMIT_LOC_STRINGS = NO;
				SWIFT_UPCOMING_FEATURE_MEMBER_IMPORT_VISIBILITY = YES;
				SWIFT_VERSION = 5.0;
				TEST_HOST = "$(BUILT_PRODUCTS_DIR)/AeroSpaceBar.app/$(BUNDLE_EXECUTABLE_FOLDER_PATH)/AeroSpaceBar";
			};
			name = Release;
		};
		1AFC28822E609B9E00258BEE /* Debug */ = {
			isa = XCBuildConfiguration;
			buildSettings = {
				CLANG_CXX_LANGUAGE_STANDARD = "gnu++20";
				CODE_SIGN_STYLE = Automatic;
				CURRENT_PROJECT_VERSION = 1;
				DEVELOPMENT_TEAM = 53JNQ2ENLL;
				GENERATE_INFOPLIST_FILE = YES;
				MACOSX_DEPLOYMENT_TARGET = 15.6;
				MARKETING_VERSION = 1.0;
				PRODUCT_BUNDLE_IDENTIFIER = com.rdrkr.AeroSpaceBarUITests;
				PRODUCT_NAME = "$(TARGET_NAME)";
				SDKROOT = macosx;
				STRING_CATALOG_GENERATE_SYMBOLS = NO;
				SWIFT_APPROACHABLE_CONCURRENCY = YES;
				SWIFT_EMIT_LOC_STRINGS = NO;
				SWIFT_UPCOMING_FEATURE_MEMBER_IMPORT_VISIBILITY = YES;
				SWIFT_VERSION = 5.0;
				TEST_TARGET_NAME = AeroSpaceBar;
			};
			name = Debug;
		};
		1AFC28832E609B9E00258BEE /* Release */ = {
			isa = XCBuildConfiguration;
			buildSettings = {
				CLANG_CXX_LANGUAGE_STANDARD = "gnu++20";
				CODE_SIGN_STYLE = Automatic;
				CURRENT_PROJECT_VERSION = 1;
				DEVELOPMENT_TEAM = 53JNQ2ENLL;
				GENERATE_INFOPLIST_FILE = YES;
				MACOSX_DEPLOYMENT_TARGET = 15.6;
				MARKETING_VERSION = 1.0;
				PRODUCT_BUNDLE_IDENTIFIER = com.rdrkr.AeroSpaceBarUITests;
				PRODUCT_NAME = "$(TARGET_NAME)";
				SDKROOT = macosx;
				STRING_CATALOG_GENERATE_SYMBOLS = NO;
				SWIFT_APPROACHABLE_CONCURRENCY = YES;
				SWIFT_EMIT_LOC_STRINGS = NO;
				SWIFT_UPCOMING_FEATURE_MEMBER_IMPORT_VISIBILITY = YES;
				SWIFT_VERSION = 5.0;
				TEST_TARGET_NAME = AeroSpaceBar;
			};
			name = Release;
		};
		1AFC28902E609BDA00258BEE /* Debug */ = {
			isa = XCBuildConfiguration;
			buildSettings = {
				BUNDLE_LOADER = "$(TEST_HOST)";
				CLANG_CXX_LANGUAGE_STANDARD = "gnu++20";
				CODE_SIGN_STYLE = Automatic;
				CURRENT_PROJECT_VERSION = 1;
				DEVELOPMENT_TEAM = 53JNQ2ENLL;
				GENERATE_INFOPLIST_FILE = YES;
				MACOSX_DEPLOYMENT_TARGET = 15.6;
				MARKETING_VERSION = 1.0;
				PRODUCT_BUNDLE_IDENTIFIER = com.rdrkr.AeroSpaceBarTests.AeroSpaceBarTests;
				PRODUCT_NAME = "$(TARGET_NAME)";
				SDKROOT = macosx;
				STRING_CATALOG_GENERATE_SYMBOLS = NO;
				SWIFT_APPROACHABLE_CONCURRENCY = YES;
				SWIFT_EMIT_LOC_STRINGS = NO;
				SWIFT_UPCOMING_FEATURE_MEMBER_IMPORT_VISIBILITY = YES;
				SWIFT_VERSION = 5.0;
				TEST_HOST = "$(BUILT_PRODUCTS_DIR)/AeroSpaceBar.app/$(BUNDLE_EXECUTABLE_FOLDER_PATH)/AeroSpaceBar";
			};
			name = Debug;
		};
		1AFC28912E609BDA00258BEE /* Release */ = {
			isa = XCBuildConfiguration;
			buildSettings = {
				BUNDLE_LOADER = "$(TEST_HOST)";
				CLANG_CXX_LANGUAGE_STANDARD = "gnu++20";
				CODE_SIGN_STYLE = Automatic;
				CURRENT_PROJECT_VERSION = 1;
				DEVELOPMENT_TEAM = 53JNQ2ENLL;
				GENERATE_INFOPLIST_FILE = YES;
				MACOSX_DEPLOYMENT_TARGET = 15.6;
				MARKETING_VERSION = 1.0;
				PRODUCT_BUNDLE_IDENTIFIER = com.rdrkr.AeroSpaceBarTests.AeroSpaceBarTests;
				PRODUCT_NAME = "$(TARGET_NAME)";
				SDKROOT = macosx;
				STRING_CATALOG_GENERATE_SYMBOLS = NO;
				SWIFT_APPROACHABLE_CONCURRENCY = YES;
				SWIFT_EMIT_LOC_STRINGS = NO;
				SWIFT_UPCOMING_FEATURE_MEMBER_IMPORT_VISIBILITY = YES;
				SWIFT_VERSION = 5.0;
				TEST_HOST = "$(BUILT_PRODUCTS_DIR)/AeroSpaceBar.app/$(BUNDLE_EXECUTABLE_FOLDER_PATH)/AeroSpaceBar";
			};
			name = Release;
		};
		C10E2FAD2D41235B00AC957C /* Debug */ = {
			isa = XCBuildConfiguration;
			buildSettings = {
				ALWAYS_SEARCH_USER_PATHS = NO;
				ASSETCATALOG_COMPILER_GENERATE_SWIFT_ASSET_SYMBOL_EXTENSIONS = YES;
				CLANG_ANALYZER_NONNULL = YES;
				CLANG_ANALYZER_NUMBER_OBJECT_CONVERSION = YES_AGGRESSIVE;
				CLANG_CXX_LANGUAGE_STANDARD = "gnu++23";
				CLANG_ENABLE_MODULES = YES;
				CLANG_ENABLE_OBJC_ARC = YES;
				CLANG_ENABLE_OBJC_WEAK = YES;
				CLANG_WARN_BLOCK_CAPTURE_AUTORELEASING = YES;
				CLANG_WARN_BOOL_CONVERSION = YES;
				CLANG_WARN_COMMA = YES;
				CLANG_WARN_CONSTANT_CONVERSION = YES;
				CLANG_WARN_DEPRECATED_OBJC_IMPLEMENTATIONS = YES;
				CLANG_WARN_DIRECT_OBJC_ISA_USAGE = YES_ERROR;
				CLANG_WARN_DOCUMENTATION_COMMENTS = YES;
				CLANG_WARN_EMPTY_BODY = YES;
				CLANG_WARN_ENUM_CONVERSION = YES;
				CLANG_WARN_INFINITE_RECURSION = YES;
				CLANG_WARN_INT_CONVERSION = YES;
				CLANG_WARN_NON_LITERAL_NULL_CONVERSION = YES;
				CLANG_WARN_OBJC_IMPLICIT_RETAIN_SELF = YES;
				CLANG_WARN_OBJC_LITERAL_CONVERSION = YES;
				CLANG_WARN_OBJC_ROOT_CLASS = YES_ERROR;
				CLANG_WARN_QUOTED_INCLUDE_IN_FRAMEWORK_HEADER = YES;
				CLANG_WARN_RANGE_LOOP_ANALYSIS = YES;
				CLANG_WARN_STRICT_PROTOTYPES = YES;
				CLANG_WARN_SUSPICIOUS_MOVE = YES;
				CLANG_WARN_UNGUARDED_AVAILABILITY = YES_AGGRESSIVE;
				CLANG_WARN_UNREACHABLE_CODE = YES;
				CLANG_WARN__DUPLICATE_METHOD_MATCH = YES;
				COPY_PHASE_STRIP = NO;
				DEBUG_INFORMATION_FORMAT = dwarf;
				ENABLE_HARDENED_RUNTIME = YES;
				ENABLE_STRICT_OBJC_MSGSEND = YES;
				ENABLE_TESTABILITY = YES;
				ENABLE_USER_SCRIPT_SANDBOXING = YES;
				GCC_C_LANGUAGE_STANDARD = gnu17;
				GCC_DYNAMIC_NO_PIC = NO;
				GCC_NO_COMMON_BLOCKS = YES;
				GCC_OPTIMIZATION_LEVEL = 0;
				GCC_PREPROCESSOR_DEFINITIONS = (
					"DEBUG=1",
					"$(inherited)",
				);
				GCC_TREAT_WARNINGS_AS_ERRORS = YES;
				GCC_WARN_64_TO_32_BIT_CONVERSION = YES;
				GCC_WARN_ABOUT_RETURN_TYPE = YES_ERROR;
				GCC_WARN_UNDECLARED_SELECTOR = YES;
				GCC_WARN_UNINITIALIZED_AUTOS = YES_AGGRESSIVE;
				GCC_WARN_UNUSED_FUNCTION = YES;
				GCC_WARN_UNUSED_VARIABLE = YES;
				GENERATE_INFOPLIST_FILE = YES;
				INFOPLIST_FILE = Sources/Presentation/Info.plist;
				INFOPLIST_PREPROCESS = YES;
				LOCALIZATION_PREFERS_STRING_CATALOGS = YES;
				MACOSX_DEPLOYMENT_TARGET = 15.2;
				MTL_ENABLE_DEBUG_INFO = INCLUDE_SOURCE;
				MTL_FAST_MATH = YES;
				ONLY_ACTIVE_ARCH = YES;
				SDKROOT = macosx26.0;
				STRING_CATALOG_GENERATE_SYMBOLS = YES;
				SWIFT_ACTIVE_COMPILATION_CONDITIONS = "DEBUG $(inherited)";
				SWIFT_EMIT_LOC_STRINGS = YES;
				SWIFT_OPTIMIZATION_LEVEL = "-Onone";
				SWIFT_TREAT_WARNINGS_AS_ERRORS = YES;
				TREAT_MISSING_SCRIPT_PHASE_OUTPUTS_AS_ERRORS = YES;
			};
			name = Debug;
		};
		C10E2FAE2D41235B00AC957C /* Release */ = {
			isa = XCBuildConfiguration;
			buildSettings = {
				ALWAYS_SEARCH_USER_PATHS = NO;
				ASSETCATALOG_COMPILER_GENERATE_SWIFT_ASSET_SYMBOL_EXTENSIONS = YES;
				CLANG_ANALYZER_NONNULL = YES;
				CLANG_ANALYZER_NUMBER_OBJECT_CONVERSION = YES_AGGRESSIVE;
				CLANG_CXX_LANGUAGE_STANDARD = "gnu++23";
				CLANG_ENABLE_MODULES = YES;
				CLANG_ENABLE_OBJC_ARC = YES;
				CLANG_ENABLE_OBJC_WEAK = YES;
				CLANG_WARN_BLOCK_CAPTURE_AUTORELEASING = YES;
				CLANG_WARN_BOOL_CONVERSION = YES;
				CLANG_WARN_COMMA = YES;
				CLANG_WARN_CONSTANT_CONVERSION = YES;
				CLANG_WARN_DEPRECATED_OBJC_IMPLEMENTATIONS = YES;
				CLANG_WARN_DIRECT_OBJC_ISA_USAGE = YES_ERROR;
				CLANG_WARN_DOCUMENTATION_COMMENTS = YES;
				CLANG_WARN_EMPTY_BODY = YES;
				CLANG_WARN_ENUM_CONVERSION = YES;
				CLANG_WARN_INFINITE_RECURSION = YES;
				CLANG_WARN_INT_CONVERSION = YES;
				CLANG_WARN_NON_LITERAL_NULL_CONVERSION = YES;
				CLANG_WARN_OBJC_IMPLICIT_RETAIN_SELF = YES;
				CLANG_WARN_OBJC_LITERAL_CONVERSION = YES;
				CLANG_WARN_OBJC_ROOT_CLASS = YES_ERROR;
				CLANG_WARN_QUOTED_INCLUDE_IN_FRAMEWORK_HEADER = YES;
				CLANG_WARN_RANGE_LOOP_ANALYSIS = YES;
				CLANG_WARN_STRICT_PROTOTYPES = YES;
				CLANG_WARN_SUSPICIOUS_MOVE = YES;
				CLANG_WARN_UNGUARDED_AVAILABILITY = YES_AGGRESSIVE;
				CLANG_WARN_UNREACHABLE_CODE = YES;
				CLANG_WARN__DUPLICATE_METHOD_MATCH = YES;
				COPY_PHASE_STRIP = NO;
				DEBUG_INFORMATION_FORMAT = "dwarf-with-dsym";
				ENABLE_HARDENED_RUNTIME = YES;
				ENABLE_NS_ASSERTIONS = NO;
				ENABLE_STRICT_OBJC_MSGSEND = YES;
				ENABLE_USER_SCRIPT_SANDBOXING = YES;
				GCC_C_LANGUAGE_STANDARD = gnu17;
				GCC_NO_COMMON_BLOCKS = YES;
				GCC_TREAT_WARNINGS_AS_ERRORS = YES;
				GCC_WARN_64_TO_32_BIT_CONVERSION = YES;
				GCC_WARN_ABOUT_RETURN_TYPE = YES_ERROR;
				GCC_WARN_UNDECLARED_SELECTOR = YES;
				GCC_WARN_UNINITIALIZED_AUTOS = YES_AGGRESSIVE;
				GCC_WARN_UNUSED_FUNCTION = YES;
				GCC_WARN_UNUSED_VARIABLE = YES;
				GENERATE_INFOPLIST_FILE = YES;
				INFOPLIST_FILE = Sources/Presentation/Info.plist;
				INFOPLIST_PREPROCESS = YES;
				LOCALIZATION_PREFERS_STRING_CATALOGS = YES;
				MACOSX_DEPLOYMENT_TARGET = 15.2;
				MTL_ENABLE_DEBUG_INFO = NO;
				MTL_FAST_MATH = YES;
				SDKROOT = macosx26.0;
				STRING_CATALOG_GENERATE_SYMBOLS = YES;
				SWIFT_COMPILATION_MODE = wholemodule;
				SWIFT_EMIT_LOC_STRINGS = YES;
				SWIFT_TREAT_WARNINGS_AS_ERRORS = YES;
				TREAT_MISSING_SCRIPT_PHASE_OUTPUTS_AS_ERRORS = YES;
			};
			name = Release;
		};
		C10E2FB02D41235B00AC957C /* Debug */ = {
			isa = XCBuildConfiguration;
			buildSettings = {
				ASSETCATALOG_COMPILER_APPICON_NAME = AppIcon;
				ASSETCATALOG_COMPILER_GLOBAL_ACCENT_COLOR_NAME = AccentColor;
				AUTOMATION_APPLE_EVENTS = NO;
				CLANG_ENABLE_MODULES = YES;
				CODE_SIGN_ENTITLEMENTS = Sources/Presentation/AeroSpaceBar.entitlements;
				"CODE_SIGN_IDENTITY[sdk=macosx*]" = "-";
				CODE_SIGN_STYLE = Automatic;
				COMBINE_HIDPI_IMAGES = YES;
				CURRENT_PROJECT_VERSION = 1;
				DEVELOPMENT_ASSET_PATHS = Sources/Presentation/Resources;
				DEVELOPMENT_TEAM = "${TEAM_ID}";
				ENABLE_HARDENED_RUNTIME = YES;
				ENABLE_PREVIEWS = YES;
				ENABLE_RESOURCE_ACCESS_AUDIO_INPUT = NO;
				ENABLE_RESOURCE_ACCESS_CALENDARS = NO;
				ENABLE_RESOURCE_ACCESS_CAMERA = NO;
				ENABLE_RESOURCE_ACCESS_CONTACTS = NO;
				ENABLE_RESOURCE_ACCESS_LOCATION = NO;
				ENABLE_RESOURCE_ACCESS_PHOTO_LIBRARY = NO;
				ENABLE_USER_SCRIPT_SANDBOXING = YES;
				GENERATE_INFOPLIST_FILE = YES;
				INFOPLIST_FILE = Sources/Presentation/Info.plist;
				INFOPLIST_KEY_CFBundleDisplayName = AeroSpaceBar;
				INFOPLIST_KEY_LSApplicationCategoryType = "public.app-category.productivity";
				INFOPLIST_KEY_NSHumanReadableCopyright = "Ronen Druker";
				INFOPLIST_KEY_NSLocationWhenInUseUsageDescription = "This app uses location permission for display WiFi network name";
				LD_RUNPATH_SEARCH_PATHS = (
					"$(inherited)",
					"@executable_path/../Frameworks",
				);
				LD_WARN_DUPLICATE_LIBRARIES = YES;
				MACOSX_DEPLOYMENT_TARGET = 15.6;
				MARKETING_VERSION = 1.0;
				PRODUCT_BUNDLE_IDENTIFIER = com.rdrkr.AeroSpaceBar;
				PRODUCT_NAME = "$(TARGET_NAME)";
				RUNTIME_EXCEPTION_ALLOW_DYLD_ENVIRONMENT_VARIABLES = NO;
				RUNTIME_EXCEPTION_ALLOW_JIT = NO;
				RUNTIME_EXCEPTION_ALLOW_UNSIGNED_EXECUTABLE_MEMORY = NO;
				RUNTIME_EXCEPTION_DEBUGGING_TOOL = NO;
				RUNTIME_EXCEPTION_DISABLE_EXECUTABLE_PAGE_PROTECTION = NO;
				RUNTIME_EXCEPTION_DISABLE_LIBRARY_VALIDATION = NO;
				SWIFT_EMIT_LOC_STRINGS = YES;
				SWIFT_OPTIMIZATION_LEVEL = "-Onone";
				SWIFT_STRICT_CONCURRENCY = complete;
				SWIFT_VERSION = 6.2;
			};
			name = Debug;
		};
		C10E2FB12D41235B00AC957C /* Release */ = {
			isa = XCBuildConfiguration;
			buildSettings = {
				ASSETCATALOG_COMPILER_APPICON_NAME = AppIcon;
				ASSETCATALOG_COMPILER_GLOBAL_ACCENT_COLOR_NAME = AccentColor;
				AUTOMATION_APPLE_EVENTS = NO;
				CLANG_ENABLE_MODULES = YES;
				CODE_SIGN_ENTITLEMENTS = Sources/Presentation/AeroSpaceBar.entitlements;
				"CODE_SIGN_IDENTITY[sdk=macosx*]" = "-";
				CODE_SIGN_STYLE = Automatic;
				COMBINE_HIDPI_IMAGES = YES;
				CURRENT_PROJECT_VERSION = 1;
				DEVELOPMENT_ASSET_PATHS = Sources/Presentation/Resources;
				DEVELOPMENT_TEAM = "${TEAM_ID}";
				ENABLE_HARDENED_RUNTIME = NO;
				ENABLE_PREVIEWS = YES;
				ENABLE_RESOURCE_ACCESS_AUDIO_INPUT = NO;
				ENABLE_RESOURCE_ACCESS_CALENDARS = NO;
				ENABLE_RESOURCE_ACCESS_CAMERA = NO;
				ENABLE_RESOURCE_ACCESS_CONTACTS = NO;
				ENABLE_RESOURCE_ACCESS_LOCATION = NO;
				ENABLE_RESOURCE_ACCESS_PHOTO_LIBRARY = NO;
				ENABLE_USER_SCRIPT_SANDBOXING = YES;
				GENERATE_INFOPLIST_FILE = YES;
				INFOPLIST_FILE = Sources/Presentation/Info.plist;
				INFOPLIST_KEY_CFBundleDisplayName = AeroSpaceBar;
				INFOPLIST_KEY_LSApplicationCategoryType = "public.app-category.productivity";
				INFOPLIST_KEY_NSHumanReadableCopyright = "Ronen Druker";
				INFOPLIST_KEY_NSLocationWhenInUseUsageDescription = "This app uses location permission for display WiFi network name";
				LD_RUNPATH_SEARCH_PATHS = (
					"$(inherited)",
					"@executable_path/../Frameworks",
				);
				LD_WARN_DUPLICATE_LIBRARIES = YES;
				MACOSX_DEPLOYMENT_TARGET = 15.6;
				MARKETING_VERSION = 1.0;
				PRODUCT_BUNDLE_IDENTIFIER = com.rdrkr.AeroSpaceBar;
				PRODUCT_NAME = "$(TARGET_NAME)";
				RUNTIME_EXCEPTION_ALLOW_DYLD_ENVIRONMENT_VARIABLES = NO;
				RUNTIME_EXCEPTION_ALLOW_JIT = NO;
				RUNTIME_EXCEPTION_ALLOW_UNSIGNED_EXECUTABLE_MEMORY = NO;
				RUNTIME_EXCEPTION_DEBUGGING_TOOL = NO;
				RUNTIME_EXCEPTION_DISABLE_EXECUTABLE_PAGE_PROTECTION = NO;
				RUNTIME_EXCEPTION_DISABLE_LIBRARY_VALIDATION = NO;
				SWIFT_EMIT_LOC_STRINGS = YES;
				SWIFT_STRICT_CONCURRENCY = complete;
				SWIFT_VERSION = 6.2;
			};
			name = Release;
		};
/* End XCBuildConfiguration section */

/* Begin XCConfigurationList section */
		1A493D152E73D9CF00187B3E /* Build configuration list for PBXNativeTarget "Domain" */ = {
			isa = XCConfigurationList;
			buildConfigurations = (
				1A493D112E73D9CF00187B3E /* Debug */,
				1A493D122E73D9CF00187B3E /* Release */,
			);
			defaultConfigurationIsVisible = 0;
			defaultConfigurationName = Release;
		};
		1A493D202E73D9CF00187B3E /* Build configuration list for PBXNativeTarget "DomainTests" */ = {
			isa = XCConfigurationList;
			buildConfigurations = (
				1A493D132E73D9CF00187B3E /* Debug */,
				1A493D142E73D9CF00187B3E /* Release */,
			);
			defaultConfigurationIsVisible = 0;
			defaultConfigurationName = Release;
		};
		1A493DF92E73D9F100187B3E /* Build configuration list for PBXNativeTarget "Service" */ = {
			isa = XCConfigurationList;
			buildConfigurations = (
				1A493DFA2E73D9F100187B3E /* Debug */,
				1A493DFB2E73D9F100187B3E /* Release */,
			);
			defaultConfigurationIsVisible = 0;
			defaultConfigurationName = Release;
		};
		1A493DFC2E73D9F100187B3E /* Build configuration list for PBXNativeTarget "ServiceTests" */ = {
			isa = XCConfigurationList;
			buildConfigurations = (
				1A493DFD2E73D9F100187B3E /* Debug */,
				1A493DFE2E73D9F100187B3E /* Release */,
			);
			defaultConfigurationIsVisible = 0;
			defaultConfigurationName = Release;
		};
		1AFC28842E609B9E00258BEE /* Build configuration list for PBXNativeTarget "AeroSpaceBarUITests" */ = {
			isa = XCConfigurationList;
			buildConfigurations = (
				1AFC28822E609B9E00258BEE /* Debug */,
				1AFC28832E609B9E00258BEE /* Release */,
			);
			defaultConfigurationIsVisible = 0;
			defaultConfigurationName = Release;
		};
		1AFC288F2E609BDA00258BEE /* Build configuration list for PBXNativeTarget "AeroSpaceBarTests" */ = {
			isa = XCConfigurationList;
			buildConfigurations = (
				1AFC28902E609BDA00258BEE /* Debug */,
				1AFC28912E609BDA00258BEE /* Release */,
			);
			defaultConfigurationIsVisible = 0;
			defaultConfigurationName = Release;
		};
		C10E2F852D41235900AC957C /* Build configuration list for PBXProject "AeroSpaceBar" */ = {
			isa = XCConfigurationList;
			buildConfigurations = (
				C10E2FAD2D41235B00AC957C /* Debug */,
				C10E2FAE2D41235B00AC957C /* Release */,
			);
			defaultConfigurationIsVisible = 0;
			defaultConfigurationName = Release;
		};
		C10E2FAF2D41235B00AC957C /* Build configuration list for PBXNativeTarget "AeroSpaceBar" */ = {
			isa = XCConfigurationList;
			buildConfigurations = (
				C10E2FB02D41235B00AC957C /* Debug */,
				C10E2FB12D41235B00AC957C /* Release */,
			);
			defaultConfigurationIsVisible = 0;
			defaultConfigurationName = Release;
		};
/* End XCConfigurationList section */

/* Begin XCRemoteSwiftPackageReference section */
		1AAFCE892E7404D6001948FD /* XCRemoteSwiftPackageReference "TOMLKit" */ = {
			isa = XCRemoteSwiftPackageReference;
			repositoryURL = "https://github.com/LebJe/TOMLKit";
			requirement = {
				kind = upToNextMajorVersion;
				minimumVersion = 0.6.0;
			};
		};
/* End XCRemoteSwiftPackageReference section */

/* Begin XCSwiftPackageProductDependency section */
		1AAFCE8A2E7404D6001948FD /* TOMLKit */ = {
			isa = XCSwiftPackageProductDependency;
			package = 1AAFCE892E7404D6001948FD /* XCRemoteSwiftPackageReference "TOMLKit" */;
			productName = TOMLKit;
		};
/* End XCSwiftPackageProductDependency section */
	};
	rootObject = C10E2F822D41235900AC957C /* Project object */;
}
